
Microsoft Visual Studio Solution File, Format Version 12.00
# Visual Studio Version 17
VisualStudioVersion = 17.6.33815.320
MinimumVisualStudioVersion = 10.0.40219.1
Project("{FAE04EC0-301F-11D3-BF4B-00C04F79EFBC}") = "Hastane Yönetim ve Randevu Sistemi Otomasyon Projesi", "Hastane Yönetim ve Randevu Sistemi Otomasyon Projesi\Hastane Yönetim ve Randevu Sistemi Otomasyon Projesi.csproj", "{EDA65E4F-A726-4A18-9E6D-A40A7C634690}"
EndProject
Global
	GlobalSection(SolutionConfigurationPlatforms) = preSolution
		Debug|Any CPU = Debug|Any CPU
		Release|Any CPU = Release|Any CPU
	EndGlobalSection
	GlobalSection(ProjectConfigurationPlatforms) = postSolution
		{EDA65E4F-A726-4A18-9E6D-A40A7C634690}.Debug|Any CPU.ActiveCfg = Debug|Any CPU
		{EDA65E4F-A726-4A18-9E6D-A40A7C634690}.Debug|Any CPU.Build.0 = Debug|Any CPU
		{EDA65E4F-A726-4A18-9E6D-A40A7C634690}.Release|Any CPU.ActiveCfg = Release|Any CPU
		{EDA65E4F-A726-4A18-9E6D-A40A7C634690}.Release|Any CPU.Build.0 = Release|Any CPU
	EndGlobalSection
	GlobalSection(SolutionProperties) = preSolution
		HideSolutionNode = FALSE
	EndGlobalSection
	GlobalSection(ExtensibilityGlobals) = postSolution
		SolutionGuid = {AF6A99BD-79E0-437D-A55E-C62AA19E6AC2}
	EndGlobalSection
EndGlobal
